// !$*UTF8*$!
{
	archiveVersion = 1;
	classes = {
	};
	objectVersion = 48;
	objects = {

/* Begin PBXBuildFile section */
		0305FAC41F80AE3900D9B979 /* AppDelegate.swift in Sources */ = {isa = PBXBuildFile; fileRef = 0305FAC31F80AE3900D9B979 /* AppDelegate.swift */; };
		0305FAC61F80AE3900D9B979 /* Assets.xcassets in Resources */ = {isa = PBXBuildFile; fileRef = 0305FAC51F80AE3900D9B979 /* Assets.xcassets */; };
		0305FAC91F80AE3900D9B979 /* MainMenu.xib in Resources */ = {isa = PBXBuildFile; fileRef = 0305FAC71F80AE3900D9B979 /* MainMenu.xib */; };
		0305FAD51F80AE3900D9B979 /* SideBarDemoTests.swift in Sources */ = {isa = PBXBuildFile; fileRef = 0305FAD41F80AE3900D9B979 /* SideBarDemoTests.swift */; };
		0305FAE01F80AE3900D9B979 /* SideBarDemoUITests.swift in Sources */ = {isa = PBXBuildFile; fileRef = 0305FADF1F80AE3900D9B979 /* SideBarDemoUITests.swift */; };
		0305FAF21F80BBA500D9B979 /* THSideBarCellView.swift in Sources */ = {isa = PBXBuildFile; fileRef = 0305FAF11F80BBA500D9B979 /* THSideBarCellView.swift */; };
		0305FAF41F8117A600D9B979 /* ContentView1Controller.xib in Resources */ = {isa = PBXBuildFile; fileRef = 0305FAF31F8117A600D9B979 /* ContentView1Controller.xib */; };
		0305FAF61F8117BC00D9B979 /* ContentView2Controller.xib in Resources */ = {isa = PBXBuildFile; fileRef = 0305FAF51F8117BC00D9B979 /* ContentView2Controller.xib */; };
		0305FAF81F8117D500D9B979 /* ContentView3Controller.xib in Resources */ = {isa = PBXBuildFile; fileRef = 0305FAF71F8117D500D9B979 /* ContentView3Controller.xib */; };
		032081E01FA309BB000925C6 /* ContentView5Controller.xib in Resources */ = {isa = PBXBuildFile; fileRef = 032081DC1FA309BB000925C6 /* ContentView5Controller.xib */; };
		032081E11FA309BB000925C6 /* ContentView4Controller.xib in Resources */ = {isa = PBXBuildFile; fileRef = 032081DD1FA309BB000925C6 /* ContentView4Controller.xib */; };
		032081E21FA309BB000925C6 /* ContentView7Controller.xib in Resources */ = {isa = PBXBuildFile; fileRef = 032081DE1FA309BB000925C6 /* ContentView7Controller.xib */; };
		032081E31FA309BB000925C6 /* ContentView6Controller.xib in Resources */ = {isa = PBXBuildFile; fileRef = 032081DF1FA309BB000925C6 /* ContentView6Controller.xib */; };
		032081EB1FA30C97000925C6 /* abundance-church-family.jpg in Resources */ = {isa = PBXBuildFile; fileRef = 032081E41FA30C96000925C6 /* abundance-church-family.jpg */; };
		032081EC1FA30C97000925C6 /* mobile-phone-and-headphones-on-white-wooden-table.jpg in Resources */ = {isa = PBXBuildFile; fileRef = 032081E51FA30C96000925C6 /* mobile-phone-and-headphones-on-white-wooden-table.jpg */; };
		032081ED1FA30C97000925C6 /* hand-tuning-peg-instrument.jpg in Resources */ = {isa = PBXBuildFile; fileRef = 032081E61FA30C96000925C6 /* hand-tuning-peg-instrument.jpg */; };
		032081EE1FA30C97000925C6 /* vintage-radio-on-glass-table.jpg in Resources */ = {isa = PBXBuildFile; fileRef = 032081E71FA30C96000925C6 /* vintage-radio-on-glass-table.jpg */; };
		032081EF1FA30C97000925C6 /* woman-writing-in-music-sheet.jpg in Resources */ = {isa = PBXBuildFile; fileRef = 032081E81FA30C96000925C6 /* woman-writing-in-music-sheet.jpg */; };
		032081F01FA30C97000925C6 /* rayban-ray-bans-spectacles.jpg in Resources */ = {isa = PBXBuildFile; fileRef = 032081E91FA30C96000925C6 /* rayban-ray-bans-spectacles.jpg */; };
		032081F11FA30C97000925C6 /* record-vinyl-turntable.jpg in Resources */ = {isa = PBXBuildFile; fileRef = 032081EA1FA30C96000925C6 /* record-vinyl-turntable.jpg */; };
		032081F31FA31F2B000925C6 /* THSideBarDragDrop.swift in Sources */ = {isa = PBXBuildFile; fileRef = 032081F21FA31F2B000925C6 /* THSideBarDragDrop.swift */; };
		0324E0901FA085EF00D0AB52 /* THSideBarDelegate.swift in Sources */ = {isa = PBXBuildFile; fileRef = 0324E08F1FA085EF00D0AB52 /* THSideBarDelegate.swift */; };
		0324E0921FA0867400D0AB52 /* THSideBarDataSource.swift in Sources */ = {isa = PBXBuildFile; fileRef = 0324E0911FA0867400D0AB52 /* THSideBarDataSource.swift */; };
		0346867C1FC7634B0065C180 /* THTextFieldDelegate.swift in Sources */ = {isa = PBXBuildFile; fileRef = 0346867B1FC7634B0065C180 /* THTextFieldDelegate.swift */; };
		034D65631FBD6C0F00D980A9 /* ContentView1Controller.swift in Sources */ = {isa = PBXBuildFile; fileRef = 034D65621FBD6C0F00D980A9 /* ContentView1Controller.swift */; };
		034D65651FBD6C3100D980A9 /* ContentView2Controller.swift in Sources */ = {isa = PBXBuildFile; fileRef = 034D65641FBD6C3100D980A9 /* ContentView2Controller.swift */; };
		034D65671FBD6C5800D980A9 /* ContentView3Controller.swift in Sources */ = {isa = PBXBuildFile; fileRef = 034D65661FBD6C5800D980A9 /* ContentView3Controller.swift */; };
		034D65691FBD6C7B00D980A9 /* ContentView4Controller.swift in Sources */ = {isa = PBXBuildFile; fileRef = 034D65681FBD6C7B00D980A9 /* ContentView4Controller.swift */; };
		034D656B1FBD6CA700D980A9 /* ContentView5Controller.swift in Sources */ = {isa = PBXBuildFile; fileRef = 034D656A1FBD6CA700D980A9 /* ContentView5Controller.swift */; };
		034D656D1FBD6CC100D980A9 /* ContentView6Controller.swift in Sources */ = {isa = PBXBuildFile; fileRef = 034D656C1FBD6CC100D980A9 /* ContentView6Controller.swift */; };
		034D656F1FBD6CD800D980A9 /* ContentView7Controller.swift in Sources */ = {isa = PBXBuildFile; fileRef = 034D656E1FBD6CD800D980A9 /* ContentView7Controller.swift */; };
		034D65721FBD72A300D980A9 /* THSideBarViewController.swift in Sources */ = {isa = PBXBuildFile; fileRef = 034D65701FBD72A300D980A9 /* THSideBarViewController.swift */; };
		034D65731FBD72A300D980A9 /* THSideBarViewController.xib in Resources */ = {isa = PBXBuildFile; fileRef = 034D65711FBD72A300D980A9 /* THSideBarViewController.xib */; };
		035BAA8F22CCB4820081B76B /* README.md in Resources */ = {isa = PBXBuildFile; fileRef = 035BAA8E22CCB4820081B76B /* README.md */; };
		0361A1281F9FD05B00FED796 /* THSideBarData.swift in Sources */ = {isa = PBXBuildFile; fileRef = 0361A1271F9FD05B00FED796 /* THSideBarData.swift */; };
		0373C89D1FBC03F40000757D /* MainWindowController.xib in Resources */ = {isa = PBXBuildFile; fileRef = 0373C89C1FBC03F40000757D /* MainWindowController.xib */; };
		0373C89F1FBC04020000757D /* MainWindowController.swift in Sources */ = {isa = PBXBuildFile; fileRef = 0373C89E1FBC04020000757D /* MainWindowController.swift */; };
/* End PBXBuildFile section */

/* Begin PBXContainerItemProxy section */
		0305FAD11F80AE3900D9B979 /* PBXContainerItemProxy */ = {
			isa = PBXContainerItemProxy;
			containerPortal = 0305FAB81F80AE3900D9B979 /* Project object */;
			proxyType = 1;
			remoteGlobalIDString = 0305FABF1F80AE3900D9B979;
			remoteInfo = SideBarDemo;
		};
		0305FADC1F80AE3900D9B979 /* PBXContainerItemProxy */ = {
			isa = PBXContainerItemProxy;
			containerPortal = 0305FAB81F80AE3900D9B979 /* Project object */;
			proxyType = 1;
			remoteGlobalIDString = 0305FABF1F80AE3900D9B979;
			remoteInfo = SideBarDemo;
		};
/* End PBXContainerItemProxy section */

/* Begin PBXFileReference section */
		0305FAC01F80AE3900D9B979 /* SideBarDemo.app */ = {isa = PBXFileReference; explicitFileType = wrapper.application; includeInIndex = 0; path = SideBarDemo.app; sourceTree = BUILT_PRODUCTS_DIR; };
		0305FAC31F80AE3900D9B979 /* AppDelegate.swift */ = {isa = PBXFileReference; lastKnownFileType = sourcecode.swift; path = AppDelegate.swift; sourceTree = "<group>"; };
		0305FAC51F80AE3900D9B979 /* Assets.xcassets */ = {isa = PBXFileReference; lastKnownFileType = folder.assetcatalog; path = Assets.xcassets; sourceTree = "<group>"; };
		0305FAC81F80AE3900D9B979 /* Base */ = {isa = PBXFileReference; lastKnownFileType = file.xib; name = Base; path = Base.lproj/MainMenu.xib; sourceTree = "<group>"; };
		0305FACA1F80AE3900D9B979 /* Info.plist */ = {isa = PBXFileReference; lastKnownFileType = text.plist.xml; path = Info.plist; sourceTree = "<group>"; };
		0305FACB1F80AE3900D9B979 /* SideBarDemo.entitlements */ = {isa = PBXFileReference; lastKnownFileType = text.plist.entitlements; path = SideBarDemo.entitlements; sourceTree = "<group>"; };
		0305FAD01F80AE3900D9B979 /* SideBarDemoTests.xctest */ = {isa = PBXFileReference; explicitFileType = wrapper.cfbundle; includeInIndex = 0; path = SideBarDemoTests.xctest; sourceTree = BUILT_PRODUCTS_DIR; };
		0305FAD41F80AE3900D9B979 /* SideBarDemoTests.swift */ = {isa = PBXFileReference; lastKnownFileType = sourcecode.swift; path = SideBarDemoTests.swift; sourceTree = "<group>"; };
		0305FAD61F80AE3900D9B979 /* Info.plist */ = {isa = PBXFileReference; lastKnownFileType = text.plist.xml; path = Info.plist; sourceTree = "<group>"; };
		0305FADB1F80AE3900D9B979 /* SideBarDemoUITests.xctest */ = {isa = PBXFileReference; explicitFileType = wrapper.cfbundle; includeInIndex = 0; path = SideBarDemoUITests.xctest; sourceTree = BUILT_PRODUCTS_DIR; };
		0305FADF1F80AE3900D9B979 /* SideBarDemoUITests.swift */ = {isa = PBXFileReference; lastKnownFileType = sourcecode.swift; path = SideBarDemoUITests.swift; sourceTree = "<group>"; };
		0305FAE11F80AE3900D9B979 /* Info.plist */ = {isa = PBXFileReference; lastKnownFileType = text.plist.xml; path = Info.plist; sourceTree = "<group>"; };
		0305FAF11F80BBA500D9B979 /* THSideBarCellView.swift */ = {isa = PBXFileReference; lastKnownFileType = sourcecode.swift; path = THSideBarCellView.swift; sourceTree = "<group>"; };
		0305FAF31F8117A600D9B979 /* ContentView1Controller.xib */ = {isa = PBXFileReference; lastKnownFileType = file.xib; path = ContentView1Controller.xib; sourceTree = "<group>"; };
		0305FAF51F8117BC00D9B979 /* ContentView2Controller.xib */ = {isa = PBXFileReference; lastKnownFileType = file.xib; path = ContentView2Controller.xib; sourceTree = "<group>"; };
		0305FAF71F8117D500D9B979 /* ContentView3Controller.xib */ = {isa = PBXFileReference; lastKnownFileType = file.xib; path = ContentView3Controller.xib; sourceTree = "<group>"; };
		032081DC1FA309BB000925C6 /* ContentView5Controller.xib */ = {isa = PBXFileReference; fileEncoding = 4; lastKnownFileType = file.xib; path = ContentView5Controller.xib; sourceTree = "<group>"; };
		032081DD1FA309BB000925C6 /* ContentView4Controller.xib */ = {isa = PBXFileReference; fileEncoding = 4; lastKnownFileType = file.xib; path = ContentView4Controller.xib; sourceTree = "<group>"; };
		032081DE1FA309BB000925C6 /* ContentView7Controller.xib */ = {isa = PBXFileReference; fileEncoding = 4; lastKnownFileType = file.xib; path = ContentView7Controller.xib; sourceTree = "<group>"; };
		032081DF1FA309BB000925C6 /* ContentView6Controller.xib */ = {isa = PBXFileReference; fileEncoding = 4; lastKnownFileType = file.xib; path = ContentView6Controller.xib; sourceTree = "<group>"; };
		032081E41FA30C96000925C6 /* abundance-church-family.jpg */ = {isa = PBXFileReference; lastKnownFileType = image.jpeg; path = "abundance-church-family.jpg"; sourceTree = "<group>"; };
		032081E51FA30C96000925C6 /* mobile-phone-and-headphones-on-white-wooden-table.jpg */ = {isa = PBXFileReference; lastKnownFileType = image.jpeg; path = "mobile-phone-and-headphones-on-white-wooden-table.jpg"; sourceTree = "<group>"; };
		032081E61FA30C96000925C6 /* hand-tuning-peg-instrument.jpg */ = {isa = PBXFileReference; lastKnownFileType = image.jpeg; path = "hand-tuning-peg-instrument.jpg"; sourceTree = "<group>"; };
		032081E71FA30C96000925C6 /* vintage-radio-on-glass-table.jpg */ = {isa = PBXFileReference; lastKnownFileType = image.jpeg; path = "vintage-radio-on-glass-table.jpg"; sourceTree = "<group>"; };
		032081E81FA30C96000925C6 /* woman-writing-in-music-sheet.jpg */ = {isa = PBXFileReference; lastKnownFileType = image.jpeg; path = "woman-writing-in-music-sheet.jpg"; sourceTree = "<group>"; };
		032081E91FA30C96000925C6 /* rayban-ray-bans-spectacles.jpg */ = {isa = PBXFileReference; lastKnownFileType = image.jpeg; path = "rayban-ray-bans-spectacles.jpg"; sourceTree = "<group>"; };
		032081EA1FA30C96000925C6 /* record-vinyl-turntable.jpg */ = {isa = PBXFileReference; lastKnownFileType = image.jpeg; path = "record-vinyl-turntable.jpg"; sourceTree = "<group>"; };
		032081F21FA31F2B000925C6 /* THSideBarDragDrop.swift */ = {isa = PBXFileReference; fileEncoding = 4; lastKnownFileType = sourcecode.swift; path = THSideBarDragDrop.swift; sourceTree = "<group>"; };
		0324E08F1FA085EF00D0AB52 /* THSideBarDelegate.swift */ = {isa = PBXFileReference; lastKnownFileType = sourcecode.swift; path = THSideBarDelegate.swift; sourceTree = "<group>"; };
		0324E0911FA0867400D0AB52 /* THSideBarDataSource.swift */ = {isa = PBXFileReference; lastKnownFileType = sourcecode.swift; path = THSideBarDataSource.swift; sourceTree = "<group>"; };
		0346867B1FC7634B0065C180 /* THTextFieldDelegate.swift */ = {isa = PBXFileReference; fileEncoding = 4; lastKnownFileType = sourcecode.swift; path = THTextFieldDelegate.swift; sourceTree = "<group>"; };
		034D65621FBD6C0F00D980A9 /* ContentView1Controller.swift */ = {isa = PBXFileReference; lastKnownFileType = sourcecode.swift; path = ContentView1Controller.swift; sourceTree = "<group>"; };
		034D65641FBD6C3100D980A9 /* ContentView2Controller.swift */ = {isa = PBXFileReference; lastKnownFileType = sourcecode.swift; path = ContentView2Controller.swift; sourceTree = "<group>"; };
		034D65661FBD6C5800D980A9 /* ContentView3Controller.swift */ = {isa = PBXFileReference; lastKnownFileType = sourcecode.swift; path = ContentView3Controller.swift; sourceTree = "<group>"; };
		034D65681FBD6C7B00D980A9 /* ContentView4Controller.swift */ = {isa = PBXFileReference; lastKnownFileType = sourcecode.swift; path = ContentView4Controller.swift; sourceTree = "<group>"; };
		034D656A1FBD6CA700D980A9 /* ContentView5Controller.swift */ = {isa = PBXFileReference; lastKnownFileType = sourcecode.swift; path = ContentView5Controller.swift; sourceTree = "<group>"; };
		034D656C1FBD6CC100D980A9 /* ContentView6Controller.swift */ = {isa = PBXFileReference; lastKnownFileType = sourcecode.swift; path = ContentView6Controller.swift; sourceTree = "<group>"; };
		034D656E1FBD6CD800D980A9 /* ContentView7Controller.swift */ = {isa = PBXFileReference; lastKnownFileType = sourcecode.swift; path = ContentView7Controller.swift; sourceTree = "<group>"; };
		034D65701FBD72A300D980A9 /* THSideBarViewController.swift */ = {isa = PBXFileReference; fileEncoding = 4; lastKnownFileType = sourcecode.swift; path = THSideBarViewController.swift; sourceTree = "<group>"; };
		034D65711FBD72A300D980A9 /* THSideBarViewController.xib */ = {isa = PBXFileReference; fileEncoding = 4; lastKnownFileType = file.xib; path = THSideBarViewController.xib; sourceTree = "<group>"; };
		035BAA8E22CCB4820081B76B /* README.md */ = {isa = PBXFileReference; fileEncoding = 4; lastKnownFileType = net.daringfireball.markdown; path = README.md; sourceTree = "<group>"; };
		0361A1271F9FD05B00FED796 /* THSideBarData.swift */ = {isa = PBXFileReference; fileEncoding = 4; lastKnownFileType = sourcecode.swift; path = THSideBarData.swift; sourceTree = "<group>"; };
		0373C89C1FBC03F40000757D /* MainWindowController.xib */ = {isa = PBXFileReference; fileEncoding = 4; lastKnownFileType = file.xib; path = MainWindowController.xib; sourceTree = "<group>"; };
		0373C89E1FBC04020000757D /* MainWindowController.swift */ = {isa = PBXFileReference; fileEncoding = 4; lastKnownFileType = sourcecode.swift; path = MainWindowController.swift; sourceTree = "<group>"; };
/* End PBXFileReference section */

/* Begin PBXFrameworksBuildPhase section */
		0305FABD1F80AE3900D9B979 /* Frameworks */ = {
			isa = PBXFrameworksBuildPhase;
			buildActionMask = 2147483647;
			files = (
			);
			runOnlyForDeploymentPostprocessing = 0;
		};
		0305FACD1F80AE3900D9B979 /* Frameworks */ = {
			isa = PBXFrameworksBuildPhase;
			buildActionMask = 2147483647;
			files = (
			);
			runOnlyForDeploymentPostprocessing = 0;
		};
		0305FAD81F80AE3900D9B979 /* Frameworks */ = {
			isa = PBXFrameworksBuildPhase;
			buildActionMask = 2147483647;
			files = (
			);
			runOnlyForDeploymentPostprocessing = 0;
		};
/* End PBXFrameworksBuildPhase section */

/* Begin PBXGroup section */
		0305FAB71F80AE3900D9B979 = {
			isa = PBXGroup;
			children = (
				035BAA8E22CCB4820081B76B /* README.md */,
				0324E08E1FA0847700D0AB52 /* THSideBar */,
				0305FAC21F80AE3900D9B979 /* SideBarDemo */,
				0305FAD31F80AE3900D9B979 /* SideBarDemoTests */,
				0305FADE1F80AE3900D9B979 /* SideBarDemoUITests */,
				0305FAC11F80AE3900D9B979 /* Products */,
			);
			sourceTree = "<group>";
		};
		0305FAC11F80AE3900D9B979 /* Products */ = {
			isa = PBXGroup;
			children = (
				0305FAC01F80AE3900D9B979 /* SideBarDemo.app */,
				0305FAD01F80AE3900D9B979 /* SideBarDemoTests.xctest */,
				0305FADB1F80AE3900D9B979 /* SideBarDemoUITests.xctest */,
			);
			name = Products;
			sourceTree = "<group>";
		};
		0305FAC21F80AE3900D9B979 /* SideBarDemo */ = {
			isa = PBXGroup;
			children = (
				034D65611FBD6BDB00D980A9 /* View */,
				0305FAC31F80AE3900D9B979 /* AppDelegate.swift */,
				0305FAC51F80AE3900D9B979 /* Assets.xcassets */,
				0305FACA1F80AE3900D9B979 /* Info.plist */,
				0373C89E1FBC04020000757D /* MainWindowController.swift */,
				0373C89C1FBC03F40000757D /* MainWindowController.xib */,
				0305FAC71F80AE3900D9B979 /* MainMenu.xib */,
				032081DB1FA3098E000925C6 /* Resource */,
				0305FACB1F80AE3900D9B979 /* SideBarDemo.entitlements */,
			);
			path = SideBarDemo;
			sourceTree = "<group>";
		};
		0305FAD31F80AE3900D9B979 /* SideBarDemoTests */ = {
			isa = PBXGroup;
			children = (
				0305FAD41F80AE3900D9B979 /* SideBarDemoTests.swift */,
				0305FAD61F80AE3900D9B979 /* Info.plist */,
			);
			path = SideBarDemoTests;
			sourceTree = "<group>";
		};
		0305FADE1F80AE3900D9B979 /* SideBarDemoUITests */ = {
			isa = PBXGroup;
			children = (
				0305FADF1F80AE3900D9B979 /* SideBarDemoUITests.swift */,
				0305FAE11F80AE3900D9B979 /* Info.plist */,
			);
			path = SideBarDemoUITests;
			sourceTree = "<group>";
		};
		032081DB1FA3098E000925C6 /* Resource */ = {
			isa = PBXGroup;
			children = (
				032081E41FA30C96000925C6 /* abundance-church-family.jpg */,
				032081E61FA30C96000925C6 /* hand-tuning-peg-instrument.jpg */,
				032081E51FA30C96000925C6 /* mobile-phone-and-headphones-on-white-wooden-table.jpg */,
				032081E91FA30C96000925C6 /* rayban-ray-bans-spectacles.jpg */,
				032081EA1FA30C96000925C6 /* record-vinyl-turntable.jpg */,
				032081E71FA30C96000925C6 /* vintage-radio-on-glass-table.jpg */,
				032081E81FA30C96000925C6 /* woman-writing-in-music-sheet.jpg */,
			);
			path = Resource;
			sourceTree = "<group>";
		};
		0324E08E1FA0847700D0AB52 /* THSideBar */ = {
			isa = PBXGroup;
			children = (
				0305FAF11F80BBA500D9B979 /* THSideBarCellView.swift */,
				0361A1271F9FD05B00FED796 /* THSideBarData.swift */,
				0324E0911FA0867400D0AB52 /* THSideBarDataSource.swift */,
				0324E08F1FA085EF00D0AB52 /* THSideBarDelegate.swift */,
				032081F21FA31F2B000925C6 /* THSideBarDragDrop.swift */,
				0346867B1FC7634B0065C180 /* THTextFieldDelegate.swift */,
				034D65701FBD72A300D980A9 /* THSideBarViewController.swift */,
				034D65711FBD72A300D980A9 /* THSideBarViewController.xib */,
			);
			path = THSideBar;
			sourceTree = "<group>";
		};
		034D65611FBD6BDB00D980A9 /* View */ = {
			isa = PBXGroup;
			children = (
				034D65621FBD6C0F00D980A9 /* ContentView1Controller.swift */,
				0305FAF31F8117A600D9B979 /* ContentView1Controller.xib */,
				034D65641FBD6C3100D980A9 /* ContentView2Controller.swift */,
				0305FAF51F8117BC00D9B979 /* ContentView2Controller.xib */,
				034D65661FBD6C5800D980A9 /* ContentView3Controller.swift */,
				0305FAF71F8117D500D9B979 /* ContentView3Controller.xib */,
				034D65681FBD6C7B00D980A9 /* ContentView4Controller.swift */,
				032081DD1FA309BB000925C6 /* ContentView4Controller.xib */,
				034D656A1FBD6CA700D980A9 /* ContentView5Controller.swift */,
				032081DC1FA309BB000925C6 /* ContentView5Controller.xib */,
				034D656C1FBD6CC100D980A9 /* ContentView6Controller.swift */,
				032081DF1FA309BB000925C6 /* ContentView6Controller.xib */,
				034D656E1FBD6CD800D980A9 /* ContentView7Controller.swift */,
				032081DE1FA309BB000925C6 /* ContentView7Controller.xib */,
			);
			path = View;
			sourceTree = "<group>";
		};
/* End PBXGroup section */

/* Begin PBXNativeTarget section */
		0305FABF1F80AE3900D9B979 /* SideBarDemo */ = {
			isa = PBXNativeTarget;
			buildConfigurationList = 0305FAE41F80AE3900D9B979 /* Build configuration list for PBXNativeTarget "SideBarDemo" */;
			buildPhases = (
				0305FABC1F80AE3900D9B979 /* Sources */,
				0305FABD1F80AE3900D9B979 /* Frameworks */,
				0305FABE1F80AE3900D9B979 /* Resources */,
			);
			buildRules = (
			);
			dependencies = (
			);
			name = SideBarDemo;
			productName = SideBarDemo;
			productReference = 0305FAC01F80AE3900D9B979 /* SideBarDemo.app */;
			productType = "com.apple.product-type.application";
		};
		0305FACF1F80AE3900D9B979 /* SideBarDemoTests */ = {
			isa = PBXNativeTarget;
			buildConfigurationList = 0305FAE71F80AE3900D9B979 /* Build configuration list for PBXNativeTarget "SideBarDemoTests" */;
			buildPhases = (
				0305FACC1F80AE3900D9B979 /* Sources */,
				0305FACD1F80AE3900D9B979 /* Frameworks */,
				0305FACE1F80AE3900D9B979 /* Resources */,
			);
			buildRules = (
			);
			dependencies = (
				0305FAD21F80AE3900D9B979 /* PBXTargetDependency */,
			);
			name = SideBarDemoTests;
			productName = SideBarDemoTests;
			productReference = 0305FAD01F80AE3900D9B979 /* SideBarDemoTests.xctest */;
			productType = "com.apple.product-type.bundle.unit-test";
		};
		0305FADA1F80AE3900D9B979 /* SideBarDemoUITests */ = {
			isa = PBXNativeTarget;
			buildConfigurationList = 0305FAEA1F80AE3900D9B979 /* Build configuration list for PBXNativeTarget "SideBarDemoUITests" */;
			buildPhases = (
				0305FAD71F80AE3900D9B979 /* Sources */,
				0305FAD81F80AE3900D9B979 /* Frameworks */,
				0305FAD91F80AE3900D9B979 /* Resources */,
			);
			buildRules = (
			);
			dependencies = (
				0305FADD1F80AE3900D9B979 /* PBXTargetDependency */,
			);
			name = SideBarDemoUITests;
			productName = SideBarDemoUITests;
			productReference = 0305FADB1F80AE3900D9B979 /* SideBarDemoUITests.xctest */;
			productType = "com.apple.product-type.bundle.ui-testing";
		};
/* End PBXNativeTarget section */

/* Begin PBXProject section */
		0305FAB81F80AE3900D9B979 /* Project object */ = {
			isa = PBXProject;
			attributes = {
				LastSwiftUpdateCheck = 0910;
				LastUpgradeCheck = 1020;
				ORGANIZATIONNAME = thierryH24;
				TargetAttributes = {
					0305FABF1F80AE3900D9B979 = {
						CreatedOnToolsVersion = 9.1;
						LastSwiftMigration = 1020;
						ProvisioningStyle = Automatic;
						SystemCapabilities = {
							com.apple.Sandbox = {
								enabled = 0;
							};
						};
					};
					0305FACF1F80AE3900D9B979 = {
						CreatedOnToolsVersion = 9.1;
						LastSwiftMigration = 1020;
						ProvisioningStyle = Automatic;
						TestTargetID = 0305FABF1F80AE3900D9B979;
					};
					0305FADA1F80AE3900D9B979 = {
						CreatedOnToolsVersion = 9.1;
						LastSwiftMigration = 1020;
						ProvisioningStyle = Automatic;
						TestTargetID = 0305FABF1F80AE3900D9B979;
					};
				};
			};
			buildConfigurationList = 0305FABB1F80AE3900D9B979 /* Build configuration list for PBXProject "SideBarDemo" */;
			compatibilityVersion = "Xcode 8.0";
			developmentRegion = en;
			hasScannedForEncodings = 0;
			knownRegions = (
				en,
				Base,
			);
			mainGroup = 0305FAB71F80AE3900D9B979;
			productRefGroup = 0305FAC11F80AE3900D9B979 /* Products */;
			projectDirPath = "";
			projectRoot = "";
			targets = (
				0305FABF1F80AE3900D9B979 /* SideBarDemo */,
				0305FACF1F80AE3900D9B979 /* SideBarDemoTests */,
				0305FADA1F80AE3900D9B979 /* SideBarDemoUITests */,
			);
		};
/* End PBXProject section */

/* Begin PBXResourcesBuildPhase section */
		0305FABE1F80AE3900D9B979 /* Resources */ = {
			isa = PBXResourcesBuildPhase;
			buildActionMask = 2147483647;
			files = (
				0305FAF41F8117A600D9B979 /* ContentView1Controller.xib in Resources */,
				032081EB1FA30C97000925C6 /* abundance-church-family.jpg in Resources */,
				032081E31FA309BB000925C6 /* ContentView6Controller.xib in Resources */,
				0305FAF61F8117BC00D9B979 /* ContentView2Controller.xib in Resources */,
				0305FAF81F8117D500D9B979 /* ContentView3Controller.xib in Resources */,
				032081EC1FA30C97000925C6 /* mobile-phone-and-headphones-on-white-wooden-table.jpg in Resources */,
				032081E11FA309BB000925C6 /* ContentView4Controller.xib in Resources */,
				032081F01FA30C97000925C6 /* rayban-ray-bans-spectacles.jpg in Resources */,
				032081ED1FA30C97000925C6 /* hand-tuning-peg-instrument.jpg in Resources */,
				0373C89D1FBC03F40000757D /* MainWindowController.xib in Resources */,
				0305FAC61F80AE3900D9B979 /* Assets.xcassets in Resources */,
				032081F11FA30C97000925C6 /* record-vinyl-turntable.jpg in Resources */,
				032081E01FA309BB000925C6 /* ContentView5Controller.xib in Resources */,
				035BAA8F22CCB4820081B76B /* README.md in Resources */,
				0305FAC91F80AE3900D9B979 /* MainMenu.xib in Resources */,
				032081EE1FA30C97000925C6 /* vintage-radio-on-glass-table.jpg in Resources */,
				032081EF1FA30C97000925C6 /* woman-writing-in-music-sheet.jpg in Resources */,
				034D65731FBD72A300D980A9 /* THSideBarViewController.xib in Resources */,
				032081E21FA309BB000925C6 /* ContentView7Controller.xib in Resources */,
			);
			runOnlyForDeploymentPostprocessing = 0;
		};
		0305FACE1F80AE3900D9B979 /* Resources */ = {
			isa = PBXResourcesBuildPhase;
			buildActionMask = 2147483647;
			files = (
			);
			runOnlyForDeploymentPostprocessing = 0;
		};
		0305FAD91F80AE3900D9B979 /* Resources */ = {
			isa = PBXResourcesBuildPhase;
			buildActionMask = 2147483647;
			files = (
			);
			runOnlyForDeploymentPostprocessing = 0;
		};
/* End PBXResourcesBuildPhase section */

/* Begin PBXSourcesBuildPhase section */
		0305FABC1F80AE3900D9B979 /* Sources */ = {
			isa = PBXSourcesBuildPhase;
			buildActionMask = 2147483647;
			files = (
				0305FAF21F80BBA500D9B979 /* THSideBarCellView.swift in Sources */,
				0361A1281F9FD05B00FED796 /* THSideBarData.swift in Sources */,
				034D656D1FBD6CC100D980A9 /* ContentView6Controller.swift in Sources */,
				034D65721FBD72A300D980A9 /* THSideBarViewController.swift in Sources */,
				0346867C1FC7634B0065C180 /* THTextFieldDelegate.swift in Sources */,
				034D65671FBD6C5800D980A9 /* ContentView3Controller.swift in Sources */,
				034D65651FBD6C3100D980A9 /* ContentView2Controller.swift in Sources */,
				034D65631FBD6C0F00D980A9 /* ContentView1Controller.swift in Sources */,
				034D656F1FBD6CD800D980A9 /* ContentView7Controller.swift in Sources */,
				0324E0921FA0867400D0AB52 /* THSideBarDataSource.swift in Sources */,
				032081F31FA31F2B000925C6 /* THSideBarDragDrop.swift in Sources */,
				0324E0901FA085EF00D0AB52 /* THSideBarDelegate.swift in Sources */,
				0305FAC41F80AE3900D9B979 /* AppDelegate.swift in Sources */,
				0373C89F1FBC04020000757D /* MainWindowController.swift in Sources */,
				034D656B1FBD6CA700D980A9 /* ContentView5Controller.swift in Sources */,
				034D65691FBD6C7B00D980A9 /* ContentView4Controller.swift in Sources */,
			);
			runOnlyForDeploymentPostprocessing = 0;
		};
		0305FACC1F80AE3900D9B979 /* Sources */ = {
			isa = PBXSourcesBuildPhase;
			buildActionMask = 2147483647;
			files = (
				0305FAD51F80AE3900D9B979 /* SideBarDemoTests.swift in Sources */,
			);
			runOnlyForDeploymentPostprocessing = 0;
		};
		0305FAD71F80AE3900D9B979 /* Sources */ = {
			isa = PBXSourcesBuildPhase;
			buildActionMask = 2147483647;
			files = (
				0305FAE01F80AE3900D9B979 /* SideBarDemoUITests.swift in Sources */,
			);
			runOnlyForDeploymentPostprocessing = 0;
		};
/* End PBXSourcesBuildPhase section */

/* Begin PBXTargetDependency section */
		0305FAD21F80AE3900D9B979 /* PBXTargetDependency */ = {
			isa = PBXTargetDependency;
			target = 0305FABF1F80AE3900D9B979 /* SideBarDemo */;
			targetProxy = 0305FAD11F80AE3900D9B979 /* PBXContainerItemProxy */;
		};
		0305FADD1F80AE3900D9B979 /* PBXTargetDependency */ = {
			isa = PBXTargetDependency;
			target = 0305FABF1F80AE3900D9B979 /* SideBarDemo */;
			targetProxy = 0305FADC1F80AE3900D9B979 /* PBXContainerItemProxy */;
		};
/* End PBXTargetDependency section */

/* Begin PBXVariantGroup section */
		0305FAC71F80AE3900D9B979 /* MainMenu.xib */ = {
			isa = PBXVariantGroup;
			children = (
				0305FAC81F80AE3900D9B979 /* Base */,
			);
			name = MainMenu.xib;
			sourceTree = "<group>";
		};
/* End PBXVariantGroup section */

/* Begin XCBuildConfiguration section */
		0305FAE21F80AE3900D9B979 /* Debug */ = {
			isa = XCBuildConfiguration;
			buildSettings = {
				ALWAYS_SEARCH_USER_PATHS = NO;
				CLANG_ANALYZER_NONNULL = YES;
				CLANG_ANALYZER_NUMBER_OBJECT_CONVERSION = YES_AGGRESSIVE;
				CLANG_CXX_LANGUAGE_STANDARD = "gnu++14";
				CLANG_CXX_LIBRARY = "libc++";
				CLANG_ENABLE_MODULES = YES;
				CLANG_ENABLE_OBJC_ARC = YES;
				CLANG_WARN_BLOCK_CAPTURE_AUTORELEASING = YES;
				CLANG_WARN_BOOL_CONVERSION = YES;
				CLANG_WARN_COMMA = YES;
				CLANG_WARN_CONSTANT_CONVERSION = YES;
				CLANG_WARN_DEPRECATED_OBJC_IMPLEMENTATIONS = YES;
				CLANG_WARN_DIRECT_OBJC_ISA_USAGE = YES_ERROR;
				CLANG_WARN_DOCUMENTATION_COMMENTS = YES;
				CLANG_WARN_EMPTY_BODY = YES;
				CLANG_WARN_ENUM_CONVERSION = YES;
				CLANG_WARN_INFINITE_RECURSION = YES;
				CLANG_WARN_INT_CONVERSION = YES;
				CLANG_WARN_NON_LITERAL_NULL_CONVERSION = YES;
				CLANG_WARN_OBJC_IMPLICIT_RETAIN_SELF = YES;
				CLANG_WARN_OBJC_LITERAL_CONVERSION = YES;
				CLANG_WARN_OBJC_ROOT_CLASS = YES_ERROR;
				CLANG_WARN_RANGE_LOOP_ANALYSIS = YES;
				CLANG_WARN_STRICT_PROTOTYPES = YES;
				CLANG_WARN_SUSPICIOUS_MOVE = YES;
				CLANG_WARN_UNGUARDED_AVAILABILITY = YES_AGGRESSIVE;
				CLANG_WARN_UNREACHABLE_CODE = YES;
				CLANG_WARN__DUPLICATE_METHOD_MATCH = YES;
				CODE_SIGN_IDENTITY = "-";
				COPY_PHASE_STRIP = NO;
				DEBUG_INFORMATION_FORMAT = dwarf;
				ENABLE_STRICT_OBJC_MSGSEND = YES;
				ENABLE_TESTABILITY = YES;
				GCC_C_LANGUAGE_STANDARD = gnu11;
				GCC_DYNAMIC_NO_PIC = NO;
				GCC_NO_COMMON_BLOCKS = YES;
				GCC_OPTIMIZATION_LEVEL = 0;
				GCC_PREPROCESSOR_DEFINITIONS = (
					"DEBUG=1",
					"$(inherited)",
				);
				GCC_WARN_64_TO_32_BIT_CONVERSION = YES;
				GCC_WARN_ABOUT_RETURN_TYPE = YES_ERROR;
				GCC_WARN_UNDECLARED_SELECTOR = YES;
				GCC_WARN_UNINITIALIZED_AUTOS = YES_AGGRESSIVE;
				GCC_WARN_UNUSED_FUNCTION = YES;
				GCC_WARN_UNUSED_VARIABLE = YES;
				MACOSX_DEPLOYMENT_TARGET = 10.13;
				MTL_ENABLE_DEBUG_INFO = YES;
				ONLY_ACTIVE_ARCH = YES;
				SDKROOT = macosx;
				SWIFT_ACTIVE_COMPILATION_CONDITIONS = DEBUG;
				SWIFT_OPTIMIZATION_LEVEL = "-Onone";
			};
			name = Debug;
		};
		0305FAE31F80AE3900D9B979 /* Release */ = {
			isa = XCBuildConfiguration;
			buildSettings = {
				ALWAYS_SEARCH_USER_PATHS = NO;
				CLANG_ANALYZER_NONNULL = YES;
				CLANG_ANALYZER_NUMBER_OBJECT_CONVERSION = YES_AGGRESSIVE;
				CLANG_CXX_LANGUAGE_STANDARD = "gnu++14";
				CLANG_CXX_LIBRARY = "libc++";
				CLANG_ENABLE_MODULES = YES;
				CLANG_ENABLE_OBJC_ARC = YES;
				CLANG_WARN_BLOCK_CAPTURE_AUTORELEASING = YES;
				CLANG_WARN_BOOL_CONVERSION = YES;
				CLANG_WARN_COMMA = YES;
				CLANG_WARN_CONSTANT_CONVERSION = YES;
				CLANG_WARN_DEPRECATED_OBJC_IMPLEMENTATIONS = YES;
				CLANG_WARN_DIRECT_OBJC_ISA_USAGE = YES_ERROR;
				CLANG_WARN_DOCUMENTATION_COMMENTS = YES;
				CLANG_WARN_EMPTY_BODY = YES;
				CLANG_WARN_ENUM_CONVERSION = YES;
				CLANG_WARN_INFINITE_RECURSION = YES;
				CLANG_WARN_INT_CONVERSION = YES;
				CLANG_WARN_NON_LITERAL_NULL_CONVERSION = YES;
				CLANG_WARN_OBJC_IMPLICIT_RETAIN_SELF = YES;
				CLANG_WARN_OBJC_LITERAL_CONVERSION = YES;
				CLANG_WARN_OBJC_ROOT_CLASS = YES_ERROR;
				CLANG_WARN_RANGE_LOOP_ANALYSIS = YES;
				CLANG_WARN_STRICT_PROTOTYPES = YES;
				CLANG_WARN_SUSPICIOUS_MOVE = YES;
				CLANG_WARN_UNGUARDED_AVAILABILITY = YES_AGGRESSIVE;
				CLANG_WARN_UNREACHABLE_CODE = YES;
				CLANG_WARN__DUPLICATE_METHOD_MATCH = YES;
				CODE_SIGN_IDENTITY = "-";
				COPY_PHASE_STRIP = NO;
				DEBUG_INFORMATION_FORMAT = "dwarf-with-dsym";
				ENABLE_NS_ASSERTIONS = NO;
				ENABLE_STRICT_OBJC_MSGSEND = YES;
				GCC_C_LANGUAGE_STANDARD = gnu11;
				GCC_NO_COMMON_BLOCKS = YES;
				GCC_WARN_64_TO_32_BIT_CONVERSION = YES;
				GCC_WARN_ABOUT_RETURN_TYPE = YES_ERROR;
				GCC_WARN_UNDECLARED_SELECTOR = YES;
				GCC_WARN_UNINITIALIZED_AUTOS = YES_AGGRESSIVE;
				GCC_WARN_UNUSED_FUNCTION = YES;
				GCC_WARN_UNUSED_VARIABLE = YES;
				MACOSX_DEPLOYMENT_TARGET = 10.13;
				MTL_ENABLE_DEBUG_INFO = NO;
				SDKROOT = macosx;
				SWIFT_OPTIMIZATION_LEVEL = "-Owholemodule";
			};
			name = Release;
		};
		0305FAE51F80AE3900D9B979 /* Debug */ = {
			isa = XCBuildConfiguration;
			buildSettings = {
				ASSETCATALOG_COMPILER_APPICON_NAME = AppIcon;
				CODE_SIGN_STYLE = Automatic;
				COMBINE_HIDPI_IMAGES = YES;
				INFOPLIST_FILE = SideBarDemo/Info.plist;
				LD_RUNPATH_SEARCH_PATHS = "$(inherited) @executable_path/../Frameworks";
				PRODUCT_BUNDLE_IDENTIFIER = com.thierry24100.SideBarDemo;
				PRODUCT_NAME = "$(TARGET_NAME)";
				SWIFT_VERSION = 5.0;
			};
			name = Debug;
		};
		0305FAE61F80AE3900D9B979 /* Release */ = {
			isa = XCBuildConfiguration;
			buildSettings = {
				ASSETCATALOG_COMPILER_APPICON_NAME = AppIcon;
				CODE_SIGN_STYLE = Automatic;
				COMBINE_HIDPI_IMAGES = YES;
				INFOPLIST_FILE = SideBarDemo/Info.plist;
				LD_RUNPATH_SEARCH_PATHS = "$(inherited) @executable_path/../Frameworks";
				PRODUCT_BUNDLE_IDENTIFIER = com.thierry24100.SideBarDemo;
				PRODUCT_NAME = "$(TARGET_NAME)";
				SWIFT_VERSION = 5.0;
			};
			name = Release;
		};
		0305FAE81F80AE3900D9B979 /* Debug */ = {
			isa = XCBuildConfiguration;
			buildSettings = {
				ALWAYS_EMBED_SWIFT_STANDARD_LIBRARIES = YES;
				BUNDLE_LOADER = "$(TEST_HOST)";
				CODE_SIGN_STYLE = Automatic;
				COMBINE_HIDPI_IMAGES = YES;
				INFOPLIST_FILE = SideBarDemoTests/Info.plist;
				LD_RUNPATH_SEARCH_PATHS = "$(inherited) @executable_path/../Frameworks @loader_path/../Frameworks";
				PRODUCT_BUNDLE_IDENTIFIER = com.thierry24100..SideBarDemoTests;
				PRODUCT_NAME = "$(TARGET_NAME)";
				SWIFT_VERSION = 5.0;
				TEST_HOST = "$(BUILT_PRODUCTS_DIR)/SideBarDemo.app/Contents/MacOS/SideBarDemo";
			};
			name = Debug;
		};
		0305FAE91F80AE3900D9B979 /* Release */ = {
			isa = XCBuildConfiguration;
			buildSettings = {
				ALWAYS_EMBED_SWIFT_STANDARD_LIBRARIES = YES;
				BUNDLE_LOADER = "$(TEST_HOST)";
				CODE_SIGN_STYLE = Automatic;
				COMBINE_HIDPI_IMAGES = YES;
				INFOPLIST_FILE = SideBarDemoTests/Info.plist;
				LD_RUNPATH_SEARCH_PATHS = "$(inherited) @executable_path/../Frameworks @loader_path/../Frameworks";
				PRODUCT_BUNDLE_IDENTIFIER = com.thierry24100..SideBarDemoTests;
				PRODUCT_NAME = "$(TARGET_NAME)";
				SWIFT_VERSION = 5.0;
				TEST_HOST = "$(BUILT_PRODUCTS_DIR)/SideBarDemo.app/Contents/MacOS/SideBarDemo";
			};
			name = Release;
		};
		0305FAEB1F80AE3900D9B979 /* Debug */ = {
			isa = XCBuildConfiguration;
			buildSettings = {
				ALWAYS_EMBED_SWIFT_STANDARD_LIBRARIES = YES;
				CODE_SIGN_STYLE = Automatic;
				COMBINE_HIDPI_IMAGES = YES;
				INFOPLIST_FILE = SideBarDemoUITests/Info.plist;
				LD_RUNPATH_SEARCH_PATHS = "$(inherited) @executable_path/../Frameworks @loader_path/../Frameworks";
				PRODUCT_BUNDLE_IDENTIFIER = com.thierry24100..SideBarDemoUITests;
				PRODUCT_NAME = "$(TARGET_NAME)";
				SWIFT_VERSION = 5.0;
				TEST_TARGET_NAME = SideBarDemo;
			};
			name = Debug;
		};
		0305FAEC1F80AE3900D9B979 /* Release */ = {
			isa = XCBuildConfiguration;
			buildSettings = {
				ALWAYS_EMBED_SWIFT_STANDARD_LIBRARIES = YES;
				CODE_SIGN_STYLE = Automatic;
				COMBINE_HIDPI_IMAGES = YES;
				INFOPLIST_FILE = SideBarDemoUITests/Info.plist;
				LD_RUNPATH_SEARCH_PATHS = "$(inherited) @executable_path/../Frameworks @loader_path/../Frameworks";
				PRODUCT_BUNDLE_IDENTIFIER = com.thierry24100..SideBarDemoUITests;
				PRODUCT_NAME = "$(TARGET_NAME)";
				SWIFT_VERSION = 5.0;
				TEST_TARGET_NAME = SideBarDemo;
			};
			name = Release;
		};
/* End XCBuildConfiguration section */

/* Begin XCConfigurationList section */
		0305FABB1F80AE3900D9B979 /* Build configuration list for PBXProject "SideBarDemo" */ = {
			isa = XCConfigurationList;
			buildConfigurations = (
				0305FAE21F80AE3900D9B979 /* Debug */,
				0305FAE31F80AE3900D9B979 /* Release */,
			);
			defaultConfigurationIsVisible = 0;
			defaultConfigurationName = Release;
		};
		0305FAE41F80AE3900D9B979 /* Build configuration list for PBXNativeTarget "SideBarDemo" */ = {
			isa = XCConfigurationList;
			buildConfigurations = (
				0305FAE51F80AE3900D9B979 /* Debug */,
				0305FAE61F80AE3900D9B979 /* Release */,
			);
			defaultConfigurationIsVisible = 0;
			defaultConfigurationName = Release;
		};
		0305FAE71F80AE3900D9B979 /* Build configuration list for PBXNativeTarget "SideBarDemoTests" */ = {
			isa = XCConfigurationList;
			buildConfigurations = (
				0305FAE81F80AE3900D9B979 /* Debug */,
				0305FAE91F80AE3900D9B979 /* Release */,
			);
			defaultConfigurationIsVisible = 0;
			defaultConfigurationName = Release;
		};
		0305FAEA1F80AE3900D9B979 /* Build configuration list for PBXNativeTarget "SideBarDemoUITests" */ = {
			isa = XCConfigurationList;
			buildConfigurations = (
				0305FAEB1F80AE3900D9B979 /* Debug */,
				0305FAEC1F80AE3900D9B979 /* Release */,
			);
			defaultConfigurationIsVisible = 0;
			defaultConfigurationName = Release;
		};
/* End XCConfigurationList section */
	};
	rootObject = 0305FAB81F80AE3900D9B979 /* Project object */;
}
